
Microsoft Visual Studio Solution File, Format Version 12.00
# Visual Studio Version 17
VisualStudioVersion = 17.8.34330.188
MinimumVisualStudioVersion = 10.0.40219.1
Project("{FAE04EC0-301F-11D3-BF4B-00C04F79EFBC}") = "Wall Breaker", "Wall Breaker\Wall Breaker.csproj", "{6DDB6307-111A-40C6-8D96-87988F008F16}"
EndProject
Global
	GlobalSection(SolutionConfigurationPlatforms) = preSolution
		Debug|Any CPU = Debug|Any CPU
		Release|Any CPU = Release|Any CPU
	EndGlobalSection
	GlobalSection(ProjectConfigurationPlatforms) = postSolution
		{6DDB6307-111A-40C6-8D96-87988F008F16}.Debug|Any CPU.ActiveCfg = Debug|Any CPU
		{6DDB6307-111A-40C6-8D96-87988F008F16}.Debug|Any CPU.Build.0 = Debug|Any CPU
		{6DDB6307-111A-40C6-8D96-87988F008F16}.Release|Any CPU.ActiveCfg = Release|Any CPU
		{6DDB6307-111A-40C6-8D96-87988F008F16}.Release|Any CPU.Build.0 = Release|Any CPU
	EndGlobalSection
	GlobalSection(SolutionProperties) = preSolution
		HideSolutionNode = FALSE
	EndGlobalSection
	GlobalSection(ExtensibilityGlobals) = postSolution
		SolutionGuid = {9CDE0F0C-05F5-4579-87D0-98E71EA0F042}
	EndGlobalSection
EndGlobal
